
Microsoft Visual Studio Solution File, Format Version 12.00
# Visual Studio 14
VisualStudioVersion = 14.0.23107.0
MinimumVisualStudioVersion = 10.0.40219.1
Project("{FAE04EC0-301F-11D3-BF4B-00C04F79EFBC}") = "Problem1-ExchangeIfGreater", "Problem1-ExchangeIfGreater\Problem1-ExchangeIfGreater.csproj", "{C929F9A3-C1B2-4E88-8562-5F5E0C46CB98}"
EndProject
Project("{FAE04EC0-301F-11D3-BF4B-00C04F79EFBC}") = "Problem2-BonusScore", "Problem2-BonusScore\Problem2-BonusScore.csproj", "{401E8C0E-C295-4E79-B7FE-1F3FE6EDD132}"
EndProject
Project("{FAE04EC0-301F-11D3-BF4B-00C04F79EFBC}") = "Problem3-CheckForAPlayCard", "Problem3-CheckForAPlayCard\Problem3-CheckForAPlayCard.csproj", "{ED72C3D4-8C3D-4BBA-BC80-2F1473D209D0}"
EndProject
Project("{FAE04EC0-301F-11D3-BF4B-00C04F79EFBC}") = "Problem4-MultiplicationSign", "Problem4-MultiplicationSign\Problem4-MultiplicationSign.csproj", "{096C7219-DA1D-4DC6-83F7-67BFDC57D4F6}"
EndProject
Project("{FAE04EC0-301F-11D3-BF4B-00C04F79EFBC}") = "Problem5-The BiggestOf3Numbers", "Problem5-The BiggestOf3Numbers\Problem5-The BiggestOf3Numbers.csproj", "{94309DA9-2634-46FC-9356-9C046ADDE1B0}"
EndProject
Project("{FAE04EC0-301F-11D3-BF4B-00C04F79EFBC}") = "Problem6-TheBiggestOfFiveNumbers", "Problem6-TheBiggestOfFiveNumbers\Problem6-TheBiggestOfFiveNumbers.csproj", "{F00AF880-7604-46F4-895B-A6CF564CEBE4}"
EndProject
Project("{FAE04EC0-301F-11D3-BF4B-00C04F79EFBC}") = "Problem7_Sort3NumbersWithNestedIfs", "Problem7_Sort3NumbersWithNestedIfs\Problem7_Sort3NumbersWithNestedIfs.csproj", "{4DFE0790-2A34-4834-B7BB-5E24930AEDDC}"
EndProject
Project("{FAE04EC0-301F-11D3-BF4B-00C04F79EFBC}") = "Problem8-DigitAsWord", "Problem8-DigitAsWord\Problem8-DigitAsWord.csproj", "{6492FDC8-DB83-4487-B1D4-70D43ED7DB5A}"
EndProject
Project("{FAE04EC0-301F-11D3-BF4B-00C04F79EFBC}") = "Problem9-PlayWithIntDoubleAndString", "Problem9-PlayWithIntDoubleAndString\Problem9-PlayWithIntDoubleAndString.csproj", "{CDB48715-D48D-47F3-AB22-9F01E1E60083}"
EndProject
Project("{FAE04EC0-301F-11D3-BF4B-00C04F79EFBC}") = "Problem10-BeerTime", "Problem10-BeerTime\Problem10-BeerTime.csproj", "{FBDE00E2-03BC-4717-A462-C9973D7B31EA}"
EndProject
Project("{FAE04EC0-301F-11D3-BF4B-00C04F79EFBC}") = "Problem11-NumberAsWords", "Problem11-NumberAsWords\Problem11-NumberAsWords.csproj", "{11A0BA4E-0C6A-4E56-B410-4BDBF5592F88}"
EndProject
Global
	GlobalSection(SolutionConfigurationPlatforms) = preSolution
		Debug|Any CPU = Debug|Any CPU
		Release|Any CPU = Release|Any CPU
	EndGlobalSection
	GlobalSection(ProjectConfigurationPlatforms) = postSolution
		{C929F9A3-C1B2-4E88-8562-5F5E0C46CB98}.Debug|Any CPU.ActiveCfg = Debug|Any CPU
		{C929F9A3-C1B2-4E88-8562-5F5E0C46CB98}.Debug|Any CPU.Build.0 = Debug|Any CPU
		{C929F9A3-C1B2-4E88-8562-5F5E0C46CB98}.Release|Any CPU.ActiveCfg = Release|Any CPU
		{C929F9A3-C1B2-4E88-8562-5F5E0C46CB98}.Release|Any CPU.Build.0 = Release|Any CPU
		{401E8C0E-C295-4E79-B7FE-1F3FE6EDD132}.Debug|Any CPU.ActiveCfg = Debug|Any CPU
		{401E8C0E-C295-4E79-B7FE-1F3FE6EDD132}.Debug|Any CPU.Build.0 = Debug|Any CPU
		{401E8C0E-C295-4E79-B7FE-1F3FE6EDD132}.Release|Any CPU.ActiveCfg = Release|Any CPU
		{401E8C0E-C295-4E79-B7FE-1F3FE6EDD132}.Release|Any CPU.Build.0 = Release|Any CPU
		{ED72C3D4-8C3D-4BBA-BC80-2F1473D209D0}.Debug|Any CPU.ActiveCfg = Debug|Any CPU
		{ED72C3D4-8C3D-4BBA-BC80-2F1473D209D0}.Debug|Any CPU.Build.0 = Debug|Any CPU
		{ED72C3D4-8C3D-4BBA-BC80-2F1473D209D0}.Release|Any CPU.ActiveCfg = Release|Any CPU
		{ED72C3D4-8C3D-4BBA-BC80-2F1473D209D0}.Release|Any CPU.Build.0 = Release|Any CPU
		{096C7219-DA1D-4DC6-83F7-67BFDC57D4F6}.Debug|Any CPU.ActiveCfg = Debug|Any CPU
		{096C7219-DA1D-4DC6-83F7-67BFDC57D4F6}.Debug|Any CPU.Build.0 = Debug|Any CPU
		{096C7219-DA1D-4DC6-83F7-67BFDC57D4F6}.Release|Any CPU.ActiveCfg = Release|Any CPU
		{096C7219-DA1D-4DC6-83F7-67BFDC57D4F6}.Release|Any CPU.Build.0 = Release|Any CPU
		{94309DA9-2634-46FC-9356-9C046ADDE1B0}.Debug|Any CPU.ActiveCfg = Debug|Any CPU
		{94309DA9-2634-46FC-9356-9C046ADDE1B0}.Debug|Any CPU.Build.0 = Debug|Any CPU
		{94309DA9-2634-46FC-9356-9C046ADDE1B0}.Release|Any CPU.ActiveCfg = Release|Any CPU
		{94309DA9-2634-46FC-9356-9C046ADDE1B0}.Release|Any CPU.Build.0 = Release|Any CPU
		{F00AF880-7604-46F4-895B-A6CF564CEBE4}.Debug|Any CPU.ActiveCfg = Debug|Any CPU
		{F00AF880-7604-46F4-895B-A6CF564CEBE4}.Debug|Any CPU.Build.0 = Debug|Any CPU
		{F00AF880-7604-46F4-895B-A6CF564CEBE4}.Release|Any CPU.ActiveCfg = Release|Any CPU
		{F00AF880-7604-46F4-895B-A6CF564CEBE4}.Release|Any CPU.Build.0 = Release|Any CPU
		{4DFE0790-2A34-4834-B7BB-5E24930AEDDC}.Debug|Any CPU.ActiveCfg = Debug|Any CPU
		{4DFE0790-2A34-4834-B7BB-5E24930AEDDC}.Debug|Any CPU.Build.0 = Debug|Any CPU
		{4DFE0790-2A34-4834-B7BB-5E24930AEDDC}.Release|Any CPU.ActiveCfg = Release|Any CPU
		{4DFE0790-2A34-4834-B7BB-5E24930AEDDC}.Release|Any CPU.Build.0 = Release|Any CPU
		{6492FDC8-DB83-4487-B1D4-70D43ED7DB5A}.Debug|Any CPU.ActiveCfg = Debug|Any CPU
		{6492FDC8-DB83-4487-B1D4-70D43ED7DB5A}.Debug|Any CPU.Build.0 = Debug|Any CPU
		{6492FDC8-DB83-4487-B1D4-70D43ED7DB5A}.Release|Any CPU.ActiveCfg = Release|Any CPU
		{6492FDC8-DB83-4487-B1D4-70D43ED7DB5A}.Release|Any CPU.Build.0 = Release|Any CPU
		{CDB48715-D48D-47F3-AB22-9F01E1E60083}.Debug|Any CPU.ActiveCfg = Debug|Any CPU
		{CDB48715-D48D-47F3-AB22-9F01E1E60083}.Debug|Any CPU.Build.0 = Debug|Any CPU
		{CDB48715-D48D-47F3-AB22-9F01E1E60083}.Release|Any CPU.ActiveCfg = Release|Any CPU
		{CDB48715-D48D-47F3-AB22-9F01E1E60083}.Release|Any CPU.Build.0 = Release|Any CPU
		{FBDE00E2-03BC-4717-A462-C9973D7B31EA}.Debug|Any CPU.ActiveCfg = Debug|Any CPU
		{FBDE00E2-03BC-4717-A462-C9973D7B31EA}.Debug|Any CPU.Build.0 = Debug|Any CPU
		{FBDE00E2-03BC-4717-A462-C9973D7B31EA}.Release|Any CPU.ActiveCfg = Release|Any CPU
		{FBDE00E2-03BC-4717-A462-C9973D7B31EA}.Release|Any CPU.Build.0 = Release|Any CPU
		{11A0BA4E-0C6A-4E56-B410-4BDBF5592F88}.Debug|Any CPU.ActiveCfg = Debug|Any CPU
		{11A0BA4E-0C6A-4E56-B410-4BDBF5592F88}.Debug|Any CPU.Build.0 = Debug|Any CPU
		{11A0BA4E-0C6A-4E56-B410-4BDBF5592F88}.Release|Any CPU.ActiveCfg = Release|Any CPU
		{11A0BA4E-0C6A-4E56-B410-4BDBF5592F88}.Release|Any CPU.Build.0 = Release|Any CPU
	EndGlobalSection
	GlobalSection(SolutionProperties) = preSolution
		HideSolutionNode = FALSE
	EndGlobalSection
EndGlobal
