
Microsoft Visual Studio Solution File, Format Version 12.00
# Visual Studio 14
VisualStudioVersion = 14.0.23107.0
MinimumVisualStudioVersion = 10.0.40219.1
Project("{FAE04EC0-301F-11D3-BF4B-00C04F79EFBC}") = "Problem1-NumbersFrom1ToN", "Problem1-NumbersFrom1ToN\Problem1-NumbersFrom1ToN.csproj", "{EDF25126-2B1E-4283-931E-5B453A7AFCC0}"
EndProject
Project("{FAE04EC0-301F-11D3-BF4B-00C04F79EFBC}") = "Problem2-NumbersNotDivisibleBy3And7", "Problem2-NumbersNotDivisibleBy3And7\Problem2-NumbersNotDivisibleBy3And7.csproj", "{A510778D-E585-4E57-BCB4-4B43616CED79}"
EndProject
Project("{FAE04EC0-301F-11D3-BF4B-00C04F79EFBC}") = "Problem3-MinMaxSumAndAverageOfNNumbers", "Problem3-MinMaxSumAndAverageOfNNumbers\Problem3-MinMaxSumAndAverageOfNNumbers.csproj", "{3BED12B1-F190-4C6A-8AA4-B803C0F047E8}"
EndProject
Project("{FAE04EC0-301F-11D3-BF4B-00C04F79EFBC}") = "Problem4-PrintADeckOf52Cards", "Problem4-PrintADeckOf52Cards\Problem4-PrintADeckOf52Cards.csproj", "{E8715F67-17FD-4771-B410-234982869EF3}"
EndProject
Project("{FAE04EC0-301F-11D3-BF4B-00C04F79EFBC}") = "Problem5-CalculateTheSumWithFactorialFormula", "Problem5-CalculateTheSum\Problem5-CalculateTheSumWithFactorialFormula.csproj", "{6EAE3B81-F288-4A75-9E83-C07E9AD40503}"
EndProject
Project("{FAE04EC0-301F-11D3-BF4B-00C04F79EFBC}") = "Problem7-CalculateCombinations", "Problem7-CalculateCombinations\Problem7-CalculateCombinations.csproj", "{9936BC07-5454-4F38-9A41-E9F6E9186B17}"
EndProject
Project("{FAE04EC0-301F-11D3-BF4B-00C04F79EFBC}") = "Problem6-CalculateN!K!", "Problem6-CalculateN!K!\Problem6-CalculateN!K!.csproj", "{4F45E803-4CED-4BAC-9B77-4C0EEA65085D}"
EndProject
Project("{FAE04EC0-301F-11D3-BF4B-00C04F79EFBC}") = "Problem8-CatalanNumbers", "Problem8-CatalanNumbers\Problem8-CatalanNumbers.csproj", "{36227081-27BE-4709-8EB7-01820D25F900}"
EndProject
Project("{FAE04EC0-301F-11D3-BF4B-00C04F79EFBC}") = "Problem9-MatrixOfNumbers", "Problem9-MatrixOfNumbers\Problem9-MatrixOfNumbers.csproj", "{D5690AEB-DADE-4685-8F7E-ED3A2B801F71}"
EndProject
Project("{FAE04EC0-301F-11D3-BF4B-00C04F79EFBC}") = "Problem10-OddAndEvenProduct", "Problem10-OddAndEvenProduct\Problem10-OddAndEvenProduct.csproj", "{993A1B85-7800-4D58-982D-4866CCE342B1}"
EndProject
Project("{FAE04EC0-301F-11D3-BF4B-00C04F79EFBC}") = "Problem11-RandomNumbersInGivenRange", "Problem11-RandomNumbersInGivenRange\Problem11-RandomNumbersInGivenRange.csproj", "{AE0EA1EB-AB0B-4BE5-892C-5F8730CA3E4F}"
EndProject
Project("{FAE04EC0-301F-11D3-BF4B-00C04F79EFBC}") = "Problem12-RandomizeTheNumbers 1…N", "Problem12-RandomizeTheNumbers 1…N\Problem12-RandomizeTheNumbers 1…N.csproj", "{0FAB152F-1D2A-4BFE-B7A0-72987A8D6A04}"
EndProject
Project("{FAE04EC0-301F-11D3-BF4B-00C04F79EFBC}") = "Problem13-BinaryToDecimalNumber", "Problem13-BinaryToDecimalNumber\Problem13-BinaryToDecimalNumber.csproj", "{36930533-A479-4B43-989B-8D7ABD4C925E}"
EndProject
Project("{FAE04EC0-301F-11D3-BF4B-00C04F79EFBC}") = "Problem14-DecimalToBinaryNumber", "Problem14-DecimalToBinaryNumber\Problem14-DecimalToBinaryNumber.csproj", "{15D20E5B-86FA-440E-B7A3-A5D106003000}"
EndProject
Project("{FAE04EC0-301F-11D3-BF4B-00C04F79EFBC}") = "Problem15-HexadecimalToDecimalNumber", "Problem15-HexadecimalToDecimalNumber\Problem15-HexadecimalToDecimalNumber.csproj", "{541BFF73-8DA7-4C79-924C-96CF3FFE22F2}"
EndProject
Project("{FAE04EC0-301F-11D3-BF4B-00C04F79EFBC}") = "Problem16-DecimalToHexadecimalNumber", "Problem16-DecimalToHexadecimalNumber\Problem16-DecimalToHexadecimalNumber.csproj", "{F1789329-A0A2-4840-9F73-4ADC96848DBD}"
EndProject
Global
	GlobalSection(SolutionConfigurationPlatforms) = preSolution
		Debug|Any CPU = Debug|Any CPU
		Release|Any CPU = Release|Any CPU
	EndGlobalSection
	GlobalSection(ProjectConfigurationPlatforms) = postSolution
		{EDF25126-2B1E-4283-931E-5B453A7AFCC0}.Debug|Any CPU.ActiveCfg = Debug|Any CPU
		{EDF25126-2B1E-4283-931E-5B453A7AFCC0}.Debug|Any CPU.Build.0 = Debug|Any CPU
		{EDF25126-2B1E-4283-931E-5B453A7AFCC0}.Release|Any CPU.ActiveCfg = Release|Any CPU
		{EDF25126-2B1E-4283-931E-5B453A7AFCC0}.Release|Any CPU.Build.0 = Release|Any CPU
		{A510778D-E585-4E57-BCB4-4B43616CED79}.Debug|Any CPU.ActiveCfg = Debug|Any CPU
		{A510778D-E585-4E57-BCB4-4B43616CED79}.Debug|Any CPU.Build.0 = Debug|Any CPU
		{A510778D-E585-4E57-BCB4-4B43616CED79}.Release|Any CPU.ActiveCfg = Release|Any CPU
		{A510778D-E585-4E57-BCB4-4B43616CED79}.Release|Any CPU.Build.0 = Release|Any CPU
		{3BED12B1-F190-4C6A-8AA4-B803C0F047E8}.Debug|Any CPU.ActiveCfg = Debug|Any CPU
		{3BED12B1-F190-4C6A-8AA4-B803C0F047E8}.Debug|Any CPU.Build.0 = Debug|Any CPU
		{3BED12B1-F190-4C6A-8AA4-B803C0F047E8}.Release|Any CPU.ActiveCfg = Release|Any CPU
		{3BED12B1-F190-4C6A-8AA4-B803C0F047E8}.Release|Any CPU.Build.0 = Release|Any CPU
		{E8715F67-17FD-4771-B410-234982869EF3}.Debug|Any CPU.ActiveCfg = Debug|Any CPU
		{E8715F67-17FD-4771-B410-234982869EF3}.Debug|Any CPU.Build.0 = Debug|Any CPU
		{E8715F67-17FD-4771-B410-234982869EF3}.Release|Any CPU.ActiveCfg = Release|Any CPU
		{E8715F67-17FD-4771-B410-234982869EF3}.Release|Any CPU.Build.0 = Release|Any CPU
		{6EAE3B81-F288-4A75-9E83-C07E9AD40503}.Debug|Any CPU.ActiveCfg = Debug|Any CPU
		{6EAE3B81-F288-4A75-9E83-C07E9AD40503}.Debug|Any CPU.Build.0 = Debug|Any CPU
		{6EAE3B81-F288-4A75-9E83-C07E9AD40503}.Release|Any CPU.ActiveCfg = Release|Any CPU
		{6EAE3B81-F288-4A75-9E83-C07E9AD40503}.Release|Any CPU.Build.0 = Release|Any CPU
		{9936BC07-5454-4F38-9A41-E9F6E9186B17}.Debug|Any CPU.ActiveCfg = Debug|Any CPU
		{9936BC07-5454-4F38-9A41-E9F6E9186B17}.Debug|Any CPU.Build.0 = Debug|Any CPU
		{9936BC07-5454-4F38-9A41-E9F6E9186B17}.Release|Any CPU.ActiveCfg = Release|Any CPU
		{9936BC07-5454-4F38-9A41-E9F6E9186B17}.Release|Any CPU.Build.0 = Release|Any CPU
		{4F45E803-4CED-4BAC-9B77-4C0EEA65085D}.Debug|Any CPU.ActiveCfg = Debug|Any CPU
		{4F45E803-4CED-4BAC-9B77-4C0EEA65085D}.Debug|Any CPU.Build.0 = Debug|Any CPU
		{4F45E803-4CED-4BAC-9B77-4C0EEA65085D}.Release|Any CPU.ActiveCfg = Release|Any CPU
		{4F45E803-4CED-4BAC-9B77-4C0EEA65085D}.Release|Any CPU.Build.0 = Release|Any CPU
		{36227081-27BE-4709-8EB7-01820D25F900}.Debug|Any CPU.ActiveCfg = Debug|Any CPU
		{36227081-27BE-4709-8EB7-01820D25F900}.Debug|Any CPU.Build.0 = Debug|Any CPU
		{36227081-27BE-4709-8EB7-01820D25F900}.Release|Any CPU.ActiveCfg = Release|Any CPU
		{36227081-27BE-4709-8EB7-01820D25F900}.Release|Any CPU.Build.0 = Release|Any CPU
		{D5690AEB-DADE-4685-8F7E-ED3A2B801F71}.Debug|Any CPU.ActiveCfg = Debug|Any CPU
		{D5690AEB-DADE-4685-8F7E-ED3A2B801F71}.Debug|Any CPU.Build.0 = Debug|Any CPU
		{D5690AEB-DADE-4685-8F7E-ED3A2B801F71}.Release|Any CPU.ActiveCfg = Release|Any CPU
		{D5690AEB-DADE-4685-8F7E-ED3A2B801F71}.Release|Any CPU.Build.0 = Release|Any CPU
		{993A1B85-7800-4D58-982D-4866CCE342B1}.Debug|Any CPU.ActiveCfg = Debug|Any CPU
		{993A1B85-7800-4D58-982D-4866CCE342B1}.Debug|Any CPU.Build.0 = Debug|Any CPU
		{993A1B85-7800-4D58-982D-4866CCE342B1}.Release|Any CPU.ActiveCfg = Release|Any CPU
		{993A1B85-7800-4D58-982D-4866CCE342B1}.Release|Any CPU.Build.0 = Release|Any CPU
		{AE0EA1EB-AB0B-4BE5-892C-5F8730CA3E4F}.Debug|Any CPU.ActiveCfg = Debug|Any CPU
		{AE0EA1EB-AB0B-4BE5-892C-5F8730CA3E4F}.Debug|Any CPU.Build.0 = Debug|Any CPU
		{AE0EA1EB-AB0B-4BE5-892C-5F8730CA3E4F}.Release|Any CPU.ActiveCfg = Release|Any CPU
		{AE0EA1EB-AB0B-4BE5-892C-5F8730CA3E4F}.Release|Any CPU.Build.0 = Release|Any CPU
		{0FAB152F-1D2A-4BFE-B7A0-72987A8D6A04}.Debug|Any CPU.ActiveCfg = Debug|Any CPU
		{0FAB152F-1D2A-4BFE-B7A0-72987A8D6A04}.Debug|Any CPU.Build.0 = Debug|Any CPU
		{0FAB152F-1D2A-4BFE-B7A0-72987A8D6A04}.Release|Any CPU.ActiveCfg = Release|Any CPU
		{0FAB152F-1D2A-4BFE-B7A0-72987A8D6A04}.Release|Any CPU.Build.0 = Release|Any CPU
		{36930533-A479-4B43-989B-8D7ABD4C925E}.Debug|Any CPU.ActiveCfg = Debug|Any CPU
		{36930533-A479-4B43-989B-8D7ABD4C925E}.Debug|Any CPU.Build.0 = Debug|Any CPU
		{36930533-A479-4B43-989B-8D7ABD4C925E}.Release|Any CPU.ActiveCfg = Release|Any CPU
		{36930533-A479-4B43-989B-8D7ABD4C925E}.Release|Any CPU.Build.0 = Release|Any CPU
		{15D20E5B-86FA-440E-B7A3-A5D106003000}.Debug|Any CPU.ActiveCfg = Debug|Any CPU
		{15D20E5B-86FA-440E-B7A3-A5D106003000}.Debug|Any CPU.Build.0 = Debug|Any CPU
		{15D20E5B-86FA-440E-B7A3-A5D106003000}.Release|Any CPU.ActiveCfg = Release|Any CPU
		{15D20E5B-86FA-440E-B7A3-A5D106003000}.Release|Any CPU.Build.0 = Release|Any CPU
		{541BFF73-8DA7-4C79-924C-96CF3FFE22F2}.Debug|Any CPU.ActiveCfg = Debug|Any CPU
		{541BFF73-8DA7-4C79-924C-96CF3FFE22F2}.Debug|Any CPU.Build.0 = Debug|Any CPU
		{541BFF73-8DA7-4C79-924C-96CF3FFE22F2}.Release|Any CPU.ActiveCfg = Release|Any CPU
		{541BFF73-8DA7-4C79-924C-96CF3FFE22F2}.Release|Any CPU.Build.0 = Release|Any CPU
		{F1789329-A0A2-4840-9F73-4ADC96848DBD}.Debug|Any CPU.ActiveCfg = Debug|Any CPU
		{F1789329-A0A2-4840-9F73-4ADC96848DBD}.Debug|Any CPU.Build.0 = Debug|Any CPU
		{F1789329-A0A2-4840-9F73-4ADC96848DBD}.Release|Any CPU.ActiveCfg = Release|Any CPU
		{F1789329-A0A2-4840-9F73-4ADC96848DBD}.Release|Any CPU.Build.0 = Release|Any CPU
	EndGlobalSection
	GlobalSection(SolutionProperties) = preSolution
		HideSolutionNode = FALSE
	EndGlobalSection
EndGlobal
